
Microsoft Visual Studio Solution File, Format Version 12.00
# Visual Studio 15
VisualStudioVersion = 15.0.28010.0
MinimumVisualStudioVersion = 10.0.40219.1
Project("{FAE04EC0-301F-11D3-BF4B-00C04F79EFBC}") = "QueueIT.QueueToken", "QueueIT.QueueToken\QueueIT.QueueToken.csproj", "{39F69DD7-E0BE-422E-8331-E7F710B5CB7F}"
EndProject
Project("{FAE04EC0-301F-11D3-BF4B-00C04F79EFBC}") = "QueueIT.QueueToken.Tests", "QueueIT.QueueToken.Tests\QueueIT.QueueToken.Tests.csproj", "{8313F5CC-A3FC-4098-A5E1-36091D23FD8C}"
EndProject
Global
	GlobalSection(SolutionConfigurationPlatforms) = preSolution
		Debug|Any CPU = Debug|Any CPU
		Release|Any CPU = Release|Any CPU
	EndGlobalSection
	GlobalSection(ProjectConfigurationPlatforms) = postSolution
		{39F69DD7-E0BE-422E-8331-E7F710B5CB7F}.Debug|Any CPU.ActiveCfg = Debug|Any CPU
		{39F69DD7-E0BE-422E-8331-E7F710B5CB7F}.Debug|Any CPU.Build.0 = Debug|Any CPU
		{39F69DD7-E0BE-422E-8331-E7F710B5CB7F}.Release|Any CPU.ActiveCfg = Release|Any CPU
		{39F69DD7-E0BE-422E-8331-E7F710B5CB7F}.Release|Any CPU.Build.0 = Release|Any CPU
		{8313F5CC-A3FC-4098-A5E1-36091D23FD8C}.Debug|Any CPU.ActiveCfg = Debug|Any CPU
		{8313F5CC-A3FC-4098-A5E1-36091D23FD8C}.Debug|Any CPU.Build.0 = Debug|Any CPU
		{8313F5CC-A3FC-4098-A5E1-36091D23FD8C}.Release|Any CPU.ActiveCfg = Release|Any CPU
		{8313F5CC-A3FC-4098-A5E1-36091D23FD8C}.Release|Any CPU.Build.0 = Release|Any CPU
	EndGlobalSection
	GlobalSection(SolutionProperties) = preSolution
		HideSolutionNode = FALSE
	EndGlobalSection
	GlobalSection(ExtensibilityGlobals) = postSolution
		SolutionGuid = {492454FB-F2D7-4F83-9262-B74B94351E25}
	EndGlobalSection
EndGlobal
